
Microsoft Visual Studio Solution File, Format Version 12.00
# Visual Studio Version 17
VisualStudioVersion = 17.2.32516.85
MinimumVisualStudioVersion = 10.0.40219.1
Project("{8BC9CEB8-8B4A-11D0-8D11-00A0C91BC942}") = "RayTracer", "RayTracer\RayTracer.vcxproj", "{1FD4B3A9-D755-462B-9C47-74C2021EFEE4}"
EndProject
Global
	GlobalSection(SolutionConfigurationPlatforms) = preSolution
		Debug|x64 = Debug|x64
		Debug|x86 = Debug|x86
		Release|x64 = Release|x64
		Release|x86 = Release|x86
	EndGlobalSection
	GlobalSection(ProjectConfigurationPlatforms) = postSolution
		{1FD4B3A9-D755-462B-9C47-74C2021EFEE4}.Debug|x64.ActiveCfg = Debug|x64
		{1FD4B3A9-D755-462B-9C47-74C2021EFEE4}.Debug|x64.Build.0 = Debug|x64
		{1FD4B3A9-D755-462B-9C47-74C2021EFEE4}.Debug|x86.ActiveCfg = Debug|Win32
		{1FD4B3A9-D755-462B-9C47-74C2021EFEE4}.Debug|x86.Build.0 = Debug|Win32
		{1FD4B3A9-D755-462B-9C47-74C2021EFEE4}.Release|x64.ActiveCfg = Release|x64
		{1FD4B3A9-D755-462B-9C47-74C2021EFEE4}.Release|x64.Build.0 = Release|x64
		{1FD4B3A9-D755-462B-9C47-74C2021EFEE4}.Release|x86.ActiveCfg = Release|Win32
		{1FD4B3A9-D755-462B-9C47-74C2021EFEE4}.Release|x86.Build.0 = Release|Win32
	EndGlobalSection
	GlobalSection(SolutionProperties) = preSolution
		HideSolutionNode = FALSE
	EndGlobalSection
	GlobalSection(ExtensibilityGlobals) = postSolution
		SolutionGuid = {728D82D1-2380-433E-9822-417021CB18B7}
	EndGlobalSection
EndGlobal
